
Microsoft Visual Studio Solution File, Format Version 12.00
# Visual Studio 15
VisualStudioVersion = 15.0.28307.1169
MinimumVisualStudioVersion = 10.0.40219.1
Project("{FAE04EC0-301F-11D3-BF4B-00C04F79EFBC}") = "LearningDelegates", "LearningDelegates\LearningDelegates.csproj", "{699C5489-1DFF-41EB-A414-B1D5C3C3C096}"
EndProject
Global
	GlobalSection(SolutionConfigurationPlatforms) = preSolution
		Debug|Any CPU = Debug|Any CPU
		Release|Any CPU = Release|Any CPU
	EndGlobalSection
	GlobalSection(ProjectConfigurationPlatforms) = postSolution
		{699C5489-1DFF-41EB-A414-B1D5C3C3C096}.Debug|Any CPU.ActiveCfg = Debug|Any CPU
		{699C5489-1DFF-41EB-A414-B1D5C3C3C096}.Debug|Any CPU.Build.0 = Debug|Any CPU
		{699C5489-1DFF-41EB-A414-B1D5C3C3C096}.Release|Any CPU.ActiveCfg = Release|Any CPU
		{699C5489-1DFF-41EB-A414-B1D5C3C3C096}.Release|Any CPU.Build.0 = Release|Any CPU
	EndGlobalSection
	GlobalSection(SolutionProperties) = preSolution
		HideSolutionNode = FALSE
	EndGlobalSection
	GlobalSection(ExtensibilityGlobals) = postSolution
		SolutionGuid = {37EFE2A6-D1CB-457D-8920-87F2280D68D7}
	EndGlobalSection
EndGlobal
